
Microsoft Visual Studio Solution File, Format Version 12.00
# Visual Studio Version 17
VisualStudioVersion = 17.0.31612.314
MinimumVisualStudioVersion = 10.0.40219.1
Project("{9A19103F-16F7-4668-BE54-9A1E7A4F7556}") = "TextAdvance", "TextAdvance\TextAdvance.csproj", "{A295DBFE-3BDD-4D27-80D3-CAB8BF9ED04D}"
EndProject
Project("{9A19103F-16F7-4668-BE54-9A1E7A4F7556}") = "ECommons", "..\ECommons\ECommons\ECommons.csproj", "{84EF86FC-BA08-4906-8306-C78717E3F0C0}"
EndProject
Project("{9A19103F-16F7-4668-BE54-9A1E7A4F7556}") = "ClickLib", "ClickLib\ClickLib\ClickLib.csproj", "{3B140223-A29E-435F-885E-503C01A33477}"
EndProject
Project("{9A19103F-16F7-4668-BE54-9A1E7A4F7556}") = "FFXIVClientStructs", "FFXIVClientStructs\FFXIVClientStructs\FFXIVClientStructs.csproj", "{D0614CD1-F2DE-443E-866F-0E8AC0FE7E79}"
EndProject
Project("{9A19103F-16F7-4668-BE54-9A1E7A4F7556}") = "FFXIVClientStructs.Generators", "FFXIVClientStructs\FFXIVClientStructs.Generators\FFXIVClientStructs.Generators.csproj", "{DAE5C093-28F8-4378-9609-A44E6F8E4A76}"
EndProject
Global
	GlobalSection(SolutionConfigurationPlatforms) = preSolution
		Debug|Any CPU = Debug|Any CPU
		Debug|x64 = Debug|x64
		Release|Any CPU = Release|Any CPU
		Release|x64 = Release|x64
	EndGlobalSection
	GlobalSection(ProjectConfigurationPlatforms) = postSolution
		{A295DBFE-3BDD-4D27-80D3-CAB8BF9ED04D}.Debug|Any CPU.ActiveCfg = Debug|Any CPU
		{A295DBFE-3BDD-4D27-80D3-CAB8BF9ED04D}.Debug|Any CPU.Build.0 = Debug|Any CPU
		{A295DBFE-3BDD-4D27-80D3-CAB8BF9ED04D}.Debug|x64.ActiveCfg = Debug|x64
		{A295DBFE-3BDD-4D27-80D3-CAB8BF9ED04D}.Debug|x64.Build.0 = Debug|x64
		{A295DBFE-3BDD-4D27-80D3-CAB8BF9ED04D}.Release|Any CPU.ActiveCfg = Release|x64
		{A295DBFE-3BDD-4D27-80D3-CAB8BF9ED04D}.Release|Any CPU.Build.0 = Release|x64
		{A295DBFE-3BDD-4D27-80D3-CAB8BF9ED04D}.Release|x64.ActiveCfg = Release|x64
		{A295DBFE-3BDD-4D27-80D3-CAB8BF9ED04D}.Release|x64.Build.0 = Release|x64
		{84EF86FC-BA08-4906-8306-C78717E3F0C0}.Debug|Any CPU.ActiveCfg = Debug|x64
		{84EF86FC-BA08-4906-8306-C78717E3F0C0}.Debug|Any CPU.Build.0 = Debug|x64
		{84EF86FC-BA08-4906-8306-C78717E3F0C0}.Debug|x64.ActiveCfg = Debug|x64
		{84EF86FC-BA08-4906-8306-C78717E3F0C0}.Debug|x64.Build.0 = Debug|x64
		{84EF86FC-BA08-4906-8306-C78717E3F0C0}.Release|Any CPU.ActiveCfg = Release|x64
		{84EF86FC-BA08-4906-8306-C78717E3F0C0}.Release|Any CPU.Build.0 = Release|x64
		{84EF86FC-BA08-4906-8306-C78717E3F0C0}.Release|x64.ActiveCfg = Release|x64
		{84EF86FC-BA08-4906-8306-C78717E3F0C0}.Release|x64.Build.0 = Release|x64
		{3B140223-A29E-435F-885E-503C01A33477}.Debug|Any CPU.ActiveCfg = Debug|x64
		{3B140223-A29E-435F-885E-503C01A33477}.Debug|Any CPU.Build.0 = Debug|x64
		{3B140223-A29E-435F-885E-503C01A33477}.Debug|x64.ActiveCfg = Debug|x64
		{3B140223-A29E-435F-885E-503C01A33477}.Debug|x64.Build.0 = Debug|x64
		{3B140223-A29E-435F-885E-503C01A33477}.Release|Any CPU.ActiveCfg = Release|x64
		{3B140223-A29E-435F-885E-503C01A33477}.Release|Any CPU.Build.0 = Release|x64
		{3B140223-A29E-435F-885E-503C01A33477}.Release|x64.ActiveCfg = Release|x64
		{3B140223-A29E-435F-885E-503C01A33477}.Release|x64.Build.0 = Release|x64
		{D0614CD1-F2DE-443E-866F-0E8AC0FE7E79}.Debug|Any CPU.ActiveCfg = Debug|Any CPU
		{D0614CD1-F2DE-443E-866F-0E8AC0FE7E79}.Debug|Any CPU.Build.0 = Debug|Any CPU
		{D0614CD1-F2DE-443E-866F-0E8AC0FE7E79}.Debug|x64.ActiveCfg = Debug|Any CPU
		{D0614CD1-F2DE-443E-866F-0E8AC0FE7E79}.Debug|x64.Build.0 = Debug|Any CPU
		{D0614CD1-F2DE-443E-866F-0E8AC0FE7E79}.Release|Any CPU.ActiveCfg = Release|Any CPU
		{D0614CD1-F2DE-443E-866F-0E8AC0FE7E79}.Release|Any CPU.Build.0 = Release|Any CPU
		{D0614CD1-F2DE-443E-866F-0E8AC0FE7E79}.Release|x64.ActiveCfg = Release|Any CPU
		{D0614CD1-F2DE-443E-866F-0E8AC0FE7E79}.Release|x64.Build.0 = Release|Any CPU
		{DAE5C093-28F8-4378-9609-A44E6F8E4A76}.Debug|Any CPU.ActiveCfg = Debug|Any CPU
		{DAE5C093-28F8-4378-9609-A44E6F8E4A76}.Debug|Any CPU.Build.0 = Debug|Any CPU
		{DAE5C093-28F8-4378-9609-A44E6F8E4A76}.Debug|x64.ActiveCfg = Debug|Any CPU
		{DAE5C093-28F8-4378-9609-A44E6F8E4A76}.Debug|x64.Build.0 = Debug|Any CPU
		{DAE5C093-28F8-4378-9609-A44E6F8E4A76}.Release|Any CPU.ActiveCfg = Release|Any CPU
		{DAE5C093-28F8-4378-9609-A44E6F8E4A76}.Release|Any CPU.Build.0 = Release|Any CPU
		{DAE5C093-28F8-4378-9609-A44E6F8E4A76}.Release|x64.ActiveCfg = Release|Any CPU
		{DAE5C093-28F8-4378-9609-A44E6F8E4A76}.Release|x64.Build.0 = Release|Any CPU
	EndGlobalSection
	GlobalSection(SolutionProperties) = preSolution
		HideSolutionNode = FALSE
	EndGlobalSection
	GlobalSection(ExtensibilityGlobals) = postSolution
		SolutionGuid = {5BE77ED4-CDFC-4E0D-8E2D-13010C574D6C}
	EndGlobalSection
EndGlobal
